// !$*UTF8*$!
{
	archiveVersion = 1;
	classes = {
	};
	objectVersion = 56;
	objects = {

/* Begin PBXBuildFile section */
		03889ED038BE0D64887B7442 /* Pods_Familiar.framework in Frameworks */ = {isa = PBXBuildFile; fileRef = DE6927193E13E2BB8D569875 /* Pods_Familiar.framework */; };
		B30EA03C2BF7488B003ED5F6 /* Constants.swift in Sources */ = {isa = PBXBuildFile; fileRef = B30EA03B2BF7488B003ED5F6 /* Constants.swift */; };
		B30EA03E2BF748AA003ED5F6 /* Extension.swift in Sources */ = {isa = PBXBuildFile; fileRef = B30EA03D2BF748AA003ED5F6 /* Extension.swift */; };
		B30EA0452BF7497E003ED5F6 /* MyPageView.swift in Sources */ = {isa = PBXBuildFile; fileRef = B30EA0442BF7497E003ED5F6 /* MyPageView.swift */; };
		B30EA0472BF74A32003ED5F6 /* HomeView.swift in Sources */ = {isa = PBXBuildFile; fileRef = B30EA0462BF74A32003ED5F6 /* HomeView.swift */; };
		B30EA0492BF74A44003ED5F6 /* CalendarView.swift in Sources */ = {isa = PBXBuildFile; fileRef = B30EA0482BF74A44003ED5F6 /* CalendarView.swift */; };
		B30EA04B2BF74A51003ED5F6 /* LoginView.swift in Sources */ = {isa = PBXBuildFile; fileRef = B30EA04A2BF74A51003ED5F6 /* LoginView.swift */; };
		B32C8DDA2BF74421004D4F5B /* FamiliarApp.swift in Sources */ = {isa = PBXBuildFile; fileRef = B32C8DD92BF74421004D4F5B /* FamiliarApp.swift */; };
		B32C8DDC2BF74421004D4F5B /* ContentView.swift in Sources */ = {isa = PBXBuildFile; fileRef = B32C8DDB2BF74421004D4F5B /* ContentView.swift */; };
		B32C8DDE2BF74422004D4F5B /* Assets.xcassets in Resources */ = {isa = PBXBuildFile; fileRef = B32C8DDD2BF74422004D4F5B /* Assets.xcassets */; };
		B3423BA62C0E3B6A00BE5A79 /* MyPageElement.swift in Sources */ = {isa = PBXBuildFile; fileRef = B3423BA52C0E3B6A00BE5A79 /* MyPageElement.swift */; };
		B3423BA82C0E404800BE5A79 /* MyPageMngElement.swift in Sources */ = {isa = PBXBuildFile; fileRef = B3423BA72C0E404800BE5A79 /* MyPageMngElement.swift */; };
		B3423BAA2C0E4C7400BE5A79 /* WebConnector.swift in Sources */ = {isa = PBXBuildFile; fileRef = B3423BA92C0E4C7400BE5A79 /* WebConnector.swift */; };
		B36C8FD62BFA724D00EFBED5 /* Colors.xcassets in Resources */ = {isa = PBXBuildFile; fileRef = B36C8FD52BFA724D00EFBED5 /* Colors.xcassets */; };
		B36C8FE22BFA76F800EFBED5 /* Pretendard-Black.ttf in Resources */ = {isa = PBXBuildFile; fileRef = B36C8FD82BFA76F800EFBED5 /* Pretendard-Black.ttf */; };
		B36C8FE32BFA76F800EFBED5 /* Pretendard-Bold.ttf in Resources */ = {isa = PBXBuildFile; fileRef = B36C8FD92BFA76F800EFBED5 /* Pretendard-Bold.ttf */; };
		B36C8FE42BFA76F800EFBED5 /* Pretendard-ExtraBold.ttf in Resources */ = {isa = PBXBuildFile; fileRef = B36C8FDA2BFA76F800EFBED5 /* Pretendard-ExtraBold.ttf */; };
		B36C8FE52BFA76F800EFBED5 /* Pretendard-ExtraLight.ttf in Resources */ = {isa = PBXBuildFile; fileRef = B36C8FDB2BFA76F800EFBED5 /* Pretendard-ExtraLight.ttf */; };
		B36C8FE62BFA76F800EFBED5 /* Pretendard-Light.ttf in Resources */ = {isa = PBXBuildFile; fileRef = B36C8FDC2BFA76F800EFBED5 /* Pretendard-Light.ttf */; };
		B36C8FE72BFA76F800EFBED5 /* Pretendard-Medium.ttf in Resources */ = {isa = PBXBuildFile; fileRef = B36C8FDD2BFA76F800EFBED5 /* Pretendard-Medium.ttf */; };
		B36C8FE82BFA76F800EFBED5 /* Pretendard-Regular.ttf in Resources */ = {isa = PBXBuildFile; fileRef = B36C8FDE2BFA76F800EFBED5 /* Pretendard-Regular.ttf */; };
		B36C8FE92BFA76F800EFBED5 /* Pretendard-SemiBold.ttf in Resources */ = {isa = PBXBuildFile; fileRef = B36C8FDF2BFA76F800EFBED5 /* Pretendard-SemiBold.ttf */; };
		B36C8FEA2BFA76F800EFBED5 /* Pretendard-Thin.ttf in Resources */ = {isa = PBXBuildFile; fileRef = B36C8FE02BFA76F800EFBED5 /* Pretendard-Thin.ttf */; };
		B36C8FEE2BFA807A00EFBED5 /* PostListView.swift in Sources */ = {isa = PBXBuildFile; fileRef = B36C8FED2BFA807A00EFBED5 /* PostListView.swift */; };
		B36C8FF02BFA809200EFBED5 /* CommentSheetView.swift in Sources */ = {isa = PBXBuildFile; fileRef = B36C8FEF2BFA809200EFBED5 /* CommentSheetView.swift */; };
		B36C8FF22BFA80A900EFBED5 /* CommentListView.swift in Sources */ = {isa = PBXBuildFile; fileRef = B36C8FF12BFA80A900EFBED5 /* CommentListView.swift */; };
		B36C8FF42BFA80C700EFBED5 /* WritePostView.swift in Sources */ = {isa = PBXBuildFile; fileRef = B36C8FF32BFA80C700EFBED5 /* WritePostView.swift */; };
		B36C8FF82BFA812F00EFBED5 /* AlarmView.swift in Sources */ = {isa = PBXBuildFile; fileRef = B36C8FF72BFA812F00EFBED5 /* AlarmView.swift */; };
		B36C8FFA2BFA813D00EFBED5 /* AlarmListView.swift in Sources */ = {isa = PBXBuildFile; fileRef = B36C8FF92BFA813D00EFBED5 /* AlarmListView.swift */; };
		B36C8FFD2BFA818400EFBED5 /* AlarmVM.swift in Sources */ = {isa = PBXBuildFile; fileRef = B36C8FFC2BFA818400EFBED5 /* AlarmVM.swift */; };
		B36C8FFF2BFA81C700EFBED5 /* PhotoImageRow.swift in Sources */ = {isa = PBXBuildFile; fileRef = B36C8FFE2BFA81C700EFBED5 /* PhotoImageRow.swift */; };
		B36C90012BFA81DB00EFBED5 /* AddImageView.swift in Sources */ = {isa = PBXBuildFile; fileRef = B36C90002BFA81DB00EFBED5 /* AddImageView.swift */; };
		B36C90042BFA821F00EFBED5 /* PhotoPicker.swift in Sources */ = {isa = PBXBuildFile; fileRef = B36C90032BFA821F00EFBED5 /* PhotoPicker.swift */; };
		B36C90062BFA822E00EFBED5 /* PhotoPickerCoordinator.swift in Sources */ = {isa = PBXBuildFile; fileRef = B36C90052BFA822E00EFBED5 /* PhotoPickerCoordinator.swift */; };
		B36C90082BFA824400EFBED5 /* PhotoPickerModifier.swift in Sources */ = {isa = PBXBuildFile; fileRef = B36C90072BFA824400EFBED5 /* PhotoPickerModifier.swift */; };
		B36C900B2BFA82EA00EFBED5 /* TagSheetView.swift in Sources */ = {isa = PBXBuildFile; fileRef = B36C900A2BFA82EA00EFBED5 /* TagSheetView.swift */; };
		B36C900D2BFA82FE00EFBED5 /* TagProfileView.swift in Sources */ = {isa = PBXBuildFile; fileRef = B36C900C2BFA82FE00EFBED5 /* TagProfileView.swift */; };
		B3FE185D2C171DE700D4DD67 /* RoomCodeView.swift in Sources */ = {isa = PBXBuildFile; fileRef = B3FE185C2C171DE700D4DD67 /* RoomCodeView.swift */; };
		B3FE18602C175AE200D4DD67 /* MyInfoMngView.swift in Sources */ = {isa = PBXBuildFile; fileRef = B3FE185F2C175AE200D4DD67 /* MyInfoMngView.swift */; };
		B3FE18622C1764A500D4DD67 /* EditAliasView.swift in Sources */ = {isa = PBXBuildFile; fileRef = B3FE18612C1764A500D4DD67 /* EditAliasView.swift */; };
		B3FE18642C1764B200D4DD67 /* EditNicknameView.swift in Sources */ = {isa = PBXBuildFile; fileRef = B3FE18632C1764B200D4DD67 /* EditNicknameView.swift */; };
		B3FE18662C1764C400D4DD67 /* EditBirthView.swift in Sources */ = {isa = PBXBuildFile; fileRef = B3FE18652C1764C400D4DD67 /* EditBirthView.swift */; };
		B3FE18692C17712300D4DD67 /* StdBirthField.swift in Sources */ = {isa = PBXBuildFile; fileRef = B3FE18682C17712300D4DD67 /* StdBirthField.swift */; };
		B3FE186B2C177F2B00D4DD67 /* StdTextField.swift in Sources */ = {isa = PBXBuildFile; fileRef = B3FE186A2C177F2B00D4DD67 /* StdTextField.swift */; };
		B3FE186F2C178D4300D4DD67 /* MyContentMngView.swift in Sources */ = {isa = PBXBuildFile; fileRef = B3FE186E2C178D4300D4DD67 /* MyContentMngView.swift */; };
		B3FE18712C17951F00D4DD67 /* NonContentView.swift in Sources */ = {isa = PBXBuildFile; fileRef = B3FE18702C17951F00D4DD67 /* NonContentView.swift */; };
		B3FE18732C179D8000D4DD67 /* StdMyComment.swift in Sources */ = {isa = PBXBuildFile; fileRef = B3FE18722C179D8000D4DD67 /* StdMyComment.swift */; };
		B3FE18762C17AE6300D4DD67 /* RoomMngView.swift in Sources */ = {isa = PBXBuildFile; fileRef = B3FE18752C17AE6300D4DD67 /* RoomMngView.swift */; };
		B3FE18782C17B57700D4DD67 /* AcceptUserElement.swift in Sources */ = {isa = PBXBuildFile; fileRef = B3FE18772C17B57700D4DD67 /* AcceptUserElement.swift */; };
		B3FE187A2C17B96000D4DD67 /* MngUserElement.swift in Sources */ = {isa = PBXBuildFile; fileRef = B3FE18792C17B96000D4DD67 /* MngUserElement.swift */; };
		B3FE187C2C17BC7D00D4DD67 /* LeaveStatus.swift in Sources */ = {isa = PBXBuildFile; fileRef = B3FE187B2C17BC7D00D4DD67 /* LeaveStatus.swift */; };
		B3FE187F2C17BDC200D4DD67 /* CustomNavBarContainerView.swift in Sources */ = {isa = PBXBuildFile; fileRef = B3FE187E2C17BDC200D4DD67 /* CustomNavBarContainerView.swift */; };
		B3FE18812C17BDEA00D4DD67 /* CustomNavBarView.swift in Sources */ = {isa = PBXBuildFile; fileRef = B3FE18802C17BDEA00D4DD67 /* CustomNavBarView.swift */; };
		B3FE18832C17BE1100D4DD67 /* CustomNavLink.swift in Sources */ = {isa = PBXBuildFile; fileRef = B3FE18822C17BE1100D4DD67 /* CustomNavLink.swift */; };
		D71888232C196D7F005B4413 /* NSNotification.Name+.swift in Sources */ = {isa = PBXBuildFile; fileRef = D71888222C196D7F005B4413 /* NSNotification.Name+.swift */; };
		D71888252C196F80005B4413 /* View+.swift in Sources */ = {isa = PBXBuildFile; fileRef = D71888242C196F80005B4413 /* View+.swift */; };
		D71888272C197012005B4413 /* AlertView.swift in Sources */ = {isa = PBXBuildFile; fileRef = D71888262C197012005B4413 /* AlertView.swift */; };
		D71888292C197720005B4413 /* CameraView.swift in Sources */ = {isa = PBXBuildFile; fileRef = D71888282C197720005B4413 /* CameraView.swift */; };
		D718882B2C19774A005B4413 /* CameraCoordinator.swift in Sources */ = {isa = PBXBuildFile; fileRef = D718882A2C19774A005B4413 /* CameraCoordinator.swift */; };
		D7D876272C073F55002359A0 /* SplashView.swift in Sources */ = {isa = PBXBuildFile; fileRef = D7D876262C073F55002359A0 /* SplashView.swift */; };
/* End PBXBuildFile section */

/* Begin PBXFileReference section */
		97682C0FE09179CFB4B5D096 /* Pods-Familiar.debug.xcconfig */ = {isa = PBXFileReference; includeInIndex = 1; lastKnownFileType = text.xcconfig; name = "Pods-Familiar.debug.xcconfig"; path = "Target Support Files/Pods-Familiar/Pods-Familiar.debug.xcconfig"; sourceTree = "<group>"; };
		9D12AF1C712A8CAFA7D68408 /* Pods-Familiar.release.xcconfig */ = {isa = PBXFileReference; includeInIndex = 1; lastKnownFileType = text.xcconfig; name = "Pods-Familiar.release.xcconfig"; path = "Target Support Files/Pods-Familiar/Pods-Familiar.release.xcconfig"; sourceTree = "<group>"; };
		B30EA03B2BF7488B003ED5F6 /* Constants.swift */ = {isa = PBXFileReference; lastKnownFileType = sourcecode.swift; path = Constants.swift; sourceTree = "<group>"; };
		B30EA03D2BF748AA003ED5F6 /* Extension.swift */ = {isa = PBXFileReference; lastKnownFileType = sourcecode.swift; path = Extension.swift; sourceTree = "<group>"; };
		B30EA0442BF7497E003ED5F6 /* MyPageView.swift */ = {isa = PBXFileReference; lastKnownFileType = sourcecode.swift; path = MyPageView.swift; sourceTree = "<group>"; };
		B30EA0462BF74A32003ED5F6 /* HomeView.swift */ = {isa = PBXFileReference; lastKnownFileType = sourcecode.swift; path = HomeView.swift; sourceTree = "<group>"; };
		B30EA0482BF74A44003ED5F6 /* CalendarView.swift */ = {isa = PBXFileReference; lastKnownFileType = sourcecode.swift; path = CalendarView.swift; sourceTree = "<group>"; };
		B30EA04A2BF74A51003ED5F6 /* LoginView.swift */ = {isa = PBXFileReference; lastKnownFileType = sourcecode.swift; path = LoginView.swift; sourceTree = "<group>"; };
		B30EA0512BF74BCE003ED5F6 /* Info.plist */ = {isa = PBXFileReference; lastKnownFileType = text.plist; path = Info.plist; sourceTree = "<group>"; };
		B32C8DD62BF74421004D4F5B /* Familiar.app */ = {isa = PBXFileReference; explicitFileType = wrapper.application; includeInIndex = 0; path = Familiar.app; sourceTree = BUILT_PRODUCTS_DIR; };
		B32C8DD92BF74421004D4F5B /* FamiliarApp.swift */ = {isa = PBXFileReference; lastKnownFileType = sourcecode.swift; path = FamiliarApp.swift; sourceTree = "<group>"; };
		B32C8DDB2BF74421004D4F5B /* ContentView.swift */ = {isa = PBXFileReference; lastKnownFileType = sourcecode.swift; path = ContentView.swift; sourceTree = "<group>"; };
		B32C8DDD2BF74422004D4F5B /* Assets.xcassets */ = {isa = PBXFileReference; lastKnownFileType = folder.assetcatalog; path = Assets.xcassets; sourceTree = "<group>"; };
		B3423BA52C0E3B6A00BE5A79 /* MyPageElement.swift */ = {isa = PBXFileReference; lastKnownFileType = sourcecode.swift; path = MyPageElement.swift; sourceTree = "<group>"; };
		B3423BA72C0E404800BE5A79 /* MyPageMngElement.swift */ = {isa = PBXFileReference; lastKnownFileType = sourcecode.swift; path = MyPageMngElement.swift; sourceTree = "<group>"; };
		B3423BA92C0E4C7400BE5A79 /* WebConnector.swift */ = {isa = PBXFileReference; lastKnownFileType = sourcecode.swift; name = WebConnector.swift; path = Familiar/Util/Components/MyPage/WebConnector.swift; sourceTree = SOURCE_ROOT; };
		B36C8FD52BFA724D00EFBED5 /* Colors.xcassets */ = {isa = PBXFileReference; lastKnownFileType = folder.assetcatalog; path = Colors.xcassets; sourceTree = "<group>"; };
		B36C8FD82BFA76F800EFBED5 /* Pretendard-Black.ttf */ = {isa = PBXFileReference; lastKnownFileType = file; path = "Pretendard-Black.ttf"; sourceTree = "<group>"; };
		B36C8FD92BFA76F800EFBED5 /* Pretendard-Bold.ttf */ = {isa = PBXFileReference; lastKnownFileType = file; path = "Pretendard-Bold.ttf"; sourceTree = "<group>"; };
		B36C8FDA2BFA76F800EFBED5 /* Pretendard-ExtraBold.ttf */ = {isa = PBXFileReference; lastKnownFileType = file; path = "Pretendard-ExtraBold.ttf"; sourceTree = "<group>"; };
		B36C8FDB2BFA76F800EFBED5 /* Pretendard-ExtraLight.ttf */ = {isa = PBXFileReference; lastKnownFileType = file; path = "Pretendard-ExtraLight.ttf"; sourceTree = "<group>"; };
		B36C8FDC2BFA76F800EFBED5 /* Pretendard-Light.ttf */ = {isa = PBXFileReference; lastKnownFileType = file; path = "Pretendard-Light.ttf"; sourceTree = "<group>"; };
		B36C8FDD2BFA76F800EFBED5 /* Pretendard-Medium.ttf */ = {isa = PBXFileReference; lastKnownFileType = file; path = "Pretendard-Medium.ttf"; sourceTree = "<group>"; };
		B36C8FDE2BFA76F800EFBED5 /* Pretendard-Regular.ttf */ = {isa = PBXFileReference; lastKnownFileType = file; path = "Pretendard-Regular.ttf"; sourceTree = "<group>"; };
		B36C8FDF2BFA76F800EFBED5 /* Pretendard-SemiBold.ttf */ = {isa = PBXFileReference; lastKnownFileType = file; path = "Pretendard-SemiBold.ttf"; sourceTree = "<group>"; };
		B36C8FE02BFA76F800EFBED5 /* Pretendard-Thin.ttf */ = {isa = PBXFileReference; lastKnownFileType = file; path = "Pretendard-Thin.ttf"; sourceTree = "<group>"; };
		B36C8FED2BFA807A00EFBED5 /* PostListView.swift */ = {isa = PBXFileReference; lastKnownFileType = sourcecode.swift; path = PostListView.swift; sourceTree = "<group>"; };
		B36C8FEF2BFA809200EFBED5 /* CommentSheetView.swift */ = {isa = PBXFileReference; lastKnownFileType = sourcecode.swift; path = CommentSheetView.swift; sourceTree = "<group>"; };
		B36C8FF12BFA80A900EFBED5 /* CommentListView.swift */ = {isa = PBXFileReference; lastKnownFileType = sourcecode.swift; path = CommentListView.swift; sourceTree = "<group>"; };
		B36C8FF32BFA80C700EFBED5 /* WritePostView.swift */ = {isa = PBXFileReference; lastKnownFileType = sourcecode.swift; path = WritePostView.swift; sourceTree = "<group>"; };
		B36C8FF72BFA812F00EFBED5 /* AlarmView.swift */ = {isa = PBXFileReference; lastKnownFileType = sourcecode.swift; path = AlarmView.swift; sourceTree = "<group>"; };
		B36C8FF92BFA813D00EFBED5 /* AlarmListView.swift */ = {isa = PBXFileReference; lastKnownFileType = sourcecode.swift; path = AlarmListView.swift; sourceTree = "<group>"; };
		B36C8FFC2BFA818400EFBED5 /* AlarmVM.swift */ = {isa = PBXFileReference; lastKnownFileType = sourcecode.swift; path = AlarmVM.swift; sourceTree = "<group>"; };
		B36C8FFE2BFA81C700EFBED5 /* PhotoImageRow.swift */ = {isa = PBXFileReference; lastKnownFileType = sourcecode.swift; path = PhotoImageRow.swift; sourceTree = "<group>"; };
		B36C90002BFA81DB00EFBED5 /* AddImageView.swift */ = {isa = PBXFileReference; lastKnownFileType = sourcecode.swift; path = AddImageView.swift; sourceTree = "<group>"; };
		B36C90032BFA821F00EFBED5 /* PhotoPicker.swift */ = {isa = PBXFileReference; lastKnownFileType = sourcecode.swift; path = PhotoPicker.swift; sourceTree = "<group>"; };
		B36C90052BFA822E00EFBED5 /* PhotoPickerCoordinator.swift */ = {isa = PBXFileReference; lastKnownFileType = sourcecode.swift; path = PhotoPickerCoordinator.swift; sourceTree = "<group>"; };
		B36C90072BFA824400EFBED5 /* PhotoPickerModifier.swift */ = {isa = PBXFileReference; lastKnownFileType = sourcecode.swift; path = PhotoPickerModifier.swift; sourceTree = "<group>"; };
		B36C900A2BFA82EA00EFBED5 /* TagSheetView.swift */ = {isa = PBXFileReference; lastKnownFileType = sourcecode.swift; path = TagSheetView.swift; sourceTree = "<group>"; };
		B36C900C2BFA82FE00EFBED5 /* TagProfileView.swift */ = {isa = PBXFileReference; lastKnownFileType = sourcecode.swift; path = TagProfileView.swift; sourceTree = "<group>"; };
		B3FE185C2C171DE700D4DD67 /* RoomCodeView.swift */ = {isa = PBXFileReference; lastKnownFileType = sourcecode.swift; path = RoomCodeView.swift; sourceTree = "<group>"; };
		B3FE185F2C175AE200D4DD67 /* MyInfoMngView.swift */ = {isa = PBXFileReference; lastKnownFileType = sourcecode.swift; path = MyInfoMngView.swift; sourceTree = "<group>"; };
		B3FE18612C1764A500D4DD67 /* EditAliasView.swift */ = {isa = PBXFileReference; lastKnownFileType = sourcecode.swift; path = EditAliasView.swift; sourceTree = "<group>"; };
		B3FE18632C1764B200D4DD67 /* EditNicknameView.swift */ = {isa = PBXFileReference; lastKnownFileType = sourcecode.swift; path = EditNicknameView.swift; sourceTree = "<group>"; };
		B3FE18652C1764C400D4DD67 /* EditBirthView.swift */ = {isa = PBXFileReference; lastKnownFileType = sourcecode.swift; path = EditBirthView.swift; sourceTree = "<group>"; };
		B3FE18682C17712300D4DD67 /* StdBirthField.swift */ = {isa = PBXFileReference; lastKnownFileType = sourcecode.swift; path = StdBirthField.swift; sourceTree = "<group>"; };
		B3FE186A2C177F2B00D4DD67 /* StdTextField.swift */ = {isa = PBXFileReference; lastKnownFileType = sourcecode.swift; path = StdTextField.swift; sourceTree = "<group>"; };
		B3FE186E2C178D4300D4DD67 /* MyContentMngView.swift */ = {isa = PBXFileReference; lastKnownFileType = sourcecode.swift; path = MyContentMngView.swift; sourceTree = "<group>"; };
		B3FE18702C17951F00D4DD67 /* NonContentView.swift */ = {isa = PBXFileReference; lastKnownFileType = sourcecode.swift; path = NonContentView.swift; sourceTree = "<group>"; };
		B3FE18722C179D8000D4DD67 /* StdMyComment.swift */ = {isa = PBXFileReference; lastKnownFileType = sourcecode.swift; path = StdMyComment.swift; sourceTree = "<group>"; };
		B3FE18752C17AE6300D4DD67 /* RoomMngView.swift */ = {isa = PBXFileReference; lastKnownFileType = sourcecode.swift; path = RoomMngView.swift; sourceTree = "<group>"; };
		B3FE18772C17B57700D4DD67 /* AcceptUserElement.swift */ = {isa = PBXFileReference; lastKnownFileType = sourcecode.swift; path = AcceptUserElement.swift; sourceTree = "<group>"; };
		B3FE18792C17B96000D4DD67 /* MngUserElement.swift */ = {isa = PBXFileReference; lastKnownFileType = sourcecode.swift; path = MngUserElement.swift; sourceTree = "<group>"; };
		B3FE187B2C17BC7D00D4DD67 /* LeaveStatus.swift */ = {isa = PBXFileReference; lastKnownFileType = sourcecode.swift; name = LeaveStatus.swift; path = Familiar/Util/Components/MyPage/LeaveStatus.swift; sourceTree = SOURCE_ROOT; };
		B3FE187E2C17BDC200D4DD67 /* CustomNavBarContainerView.swift */ = {isa = PBXFileReference; lastKnownFileType = sourcecode.swift; path = CustomNavBarContainerView.swift; sourceTree = "<group>"; };
		B3FE18802C17BDEA00D4DD67 /* CustomNavBarView.swift */ = {isa = PBXFileReference; lastKnownFileType = sourcecode.swift; path = CustomNavBarView.swift; sourceTree = "<group>"; };
		B3FE18822C17BE1100D4DD67 /* CustomNavLink.swift */ = {isa = PBXFileReference; lastKnownFileType = sourcecode.swift; path = CustomNavLink.swift; sourceTree = "<group>"; };
		D71888222C196D7F005B4413 /* NSNotification.Name+.swift */ = {isa = PBXFileReference; lastKnownFileType = sourcecode.swift; path = "NSNotification.Name+.swift"; sourceTree = "<group>"; };
		D71888242C196F80005B4413 /* View+.swift */ = {isa = PBXFileReference; lastKnownFileType = sourcecode.swift; path = "View+.swift"; sourceTree = "<group>"; };
		D71888262C197012005B4413 /* AlertView.swift */ = {isa = PBXFileReference; lastKnownFileType = sourcecode.swift; path = AlertView.swift; sourceTree = "<group>"; };
		D71888282C197720005B4413 /* CameraView.swift */ = {isa = PBXFileReference; lastKnownFileType = sourcecode.swift; path = CameraView.swift; sourceTree = "<group>"; };
		D718882A2C19774A005B4413 /* CameraCoordinator.swift */ = {isa = PBXFileReference; lastKnownFileType = sourcecode.swift; path = CameraCoordinator.swift; sourceTree = "<group>"; };
		D7D876262C073F55002359A0 /* SplashView.swift */ = {isa = PBXFileReference; lastKnownFileType = sourcecode.swift; path = SplashView.swift; sourceTree = "<group>"; };
		DE6927193E13E2BB8D569875 /* Pods_Familiar.framework */ = {isa = PBXFileReference; explicitFileType = wrapper.framework; includeInIndex = 0; path = Pods_Familiar.framework; sourceTree = BUILT_PRODUCTS_DIR; };
/* End PBXFileReference section */

/* Begin PBXFrameworksBuildPhase section */
		B32C8DD32BF74421004D4F5B /* Frameworks */ = {
			isa = PBXFrameworksBuildPhase;
			buildActionMask = 2147483647;
			files = (
				03889ED038BE0D64887B7442 /* Pods_Familiar.framework in Frameworks */,
			);
			runOnlyForDeploymentPostprocessing = 0;
		};
/* End PBXFrameworksBuildPhase section */

/* Begin PBXGroup section */
		4E0F3637CAA7BE2D77D964E5 /* Pods */ = {
			isa = PBXGroup;
			children = (
				97682C0FE09179CFB4B5D096 /* Pods-Familiar.debug.xcconfig */,
				9D12AF1C712A8CAFA7D68408 /* Pods-Familiar.release.xcconfig */,
			);
			path = Pods;
			sourceTree = "<group>";
		};
		B30EA02E2BF747B1003ED5F6 /* Application */ = {
			isa = PBXGroup;
			children = (
				B32C8DD92BF74421004D4F5B /* FamiliarApp.swift */,
				B32C8DDB2BF74421004D4F5B /* ContentView.swift */,
				D7D876262C073F55002359A0 /* SplashView.swift */,
			);
			path = Application;
			sourceTree = "<group>";
		};
		B30EA02F2BF747C4003ED5F6 /* Network */ = {
			isa = PBXGroup;
			children = (
			);
			path = Network;
			sourceTree = "<group>";
		};
		B30EA0302BF747CE003ED5F6 /* Domain */ = {
			isa = PBXGroup;
			children = (
				B30EA0502BF74A91003ED5F6 /* Entity */,
				B30EA04F2BF74A8B003ED5F6 /* UseCase */,
				B30EA04E2BF74A83003ED5F6 /* Interface */,
			);
			path = Domain;
			sourceTree = "<group>";
		};
		B30EA0312BF747D4003ED5F6 /* Data */ = {
			isa = PBXGroup;
			children = (
				B30EA04C2BF74A6B003ED5F6 /* Repository */,
				B30EA04D2BF74A74003ED5F6 /* UserDefaults */,
			);
			path = Data;
			sourceTree = "<group>";
		};
		B30EA0322BF747D9003ED5F6 /* Presentation */ = {
			isa = PBXGroup;
			children = (
				B30EA0422BF74939003ED5F6 /* CustomView */,
				B30EA0412BF74934003ED5F6 /* Auth */,
				B30EA0432BF7494F003ED5F6 /* Calendar */,
				B30EA0402BF7492D003ED5F6 /* Home */,
				B30EA03F2BF74926003ED5F6 /* MyPage */,
			);
			path = Presentation;
			sourceTree = "<group>";
		};
		B30EA0332BF747E9003ED5F6 /* Util */ = {
			isa = PBXGroup;
			children = (
				B30EA03A2BF74872003ED5F6 /* Enum */,
				B30EA0392BF74859003ED5F6 /* Constant */,
				B30EA0382BF74855003ED5F6 /* Extension */,
				B30EA0372BF74844003ED5F6 /* Components */,
			);
			path = Util;
			sourceTree = "<group>";
		};
		B30EA0342BF747EF003ED5F6 /* Resource */ = {
			isa = PBXGroup;
			children = (
				B30EA0352BF74816003ED5F6 /* Assets */,
				B30EA0362BF7481E003ED5F6 /* Font */,
			);
			path = Resource;
			sourceTree = "<group>";
		};
		B30EA0352BF74816003ED5F6 /* Assets */ = {
			isa = PBXGroup;
			children = (
				B32C8DDD2BF74422004D4F5B /* Assets.xcassets */,
				B36C8FD52BFA724D00EFBED5 /* Colors.xcassets */,
			);
			path = Assets;
			sourceTree = "<group>";
		};
		B30EA0362BF7481E003ED5F6 /* Font */ = {
			isa = PBXGroup;
			children = (
				B36C8FE12BFA76F800EFBED5 /* Pretendard */,
			);
			path = Font;
			sourceTree = "<group>";
		};
		B30EA0372BF74844003ED5F6 /* Components */ = {
			isa = PBXGroup;
			children = (
				B3FE18672C17711400D4DD67 /* Common */,
				B3423BA42C0E3B4600BE5A79 /* MyPage */,
				B36C90092BFA82DD00EFBED5 /* Tag */,
				B36C90022BFA820400EFBED5 /* Photos */,
			);
			path = Components;
			sourceTree = "<group>";
		};
		B30EA0382BF74855003ED5F6 /* Extension */ = {
			isa = PBXGroup;
			children = (
				B30EA03D2BF748AA003ED5F6 /* Extension.swift */,
				D71888222C196D7F005B4413 /* NSNotification.Name+.swift */,
				D71888242C196F80005B4413 /* View+.swift */,
			);
			path = Extension;
			sourceTree = "<group>";
		};
		B30EA0392BF74859003ED5F6 /* Constant */ = {
			isa = PBXGroup;
			children = (
				B30EA03B2BF7488B003ED5F6 /* Constants.swift */,
			);
			path = Constant;
			sourceTree = "<group>";
		};
		B30EA03A2BF74872003ED5F6 /* Enum */ = {
			isa = PBXGroup;
			children = (
				B3FE187B2C17BC7D00D4DD67 /* LeaveStatus.swift */,
			);
			path = Enum;
			sourceTree = "<group>";
		};
		B30EA03F2BF74926003ED5F6 /* MyPage */ = {
			isa = PBXGroup;
			children = (
				B3FE18742C17AE5500D4DD67 /* RoomMng */,
				B3FE186D2C178D1100D4DD67 /* MyContentMng */,
				B3FE185E2C175AAB00D4DD67 /* MyInfoMng */,
				B3FE185B2C171DC500D4DD67 /* RoomCodeCheck */,
				B30EA0442BF7497E003ED5F6 /* MyPageView.swift */,
			);
			path = MyPage;
			sourceTree = "<group>";
		};
		B30EA0402BF7492D003ED5F6 /* Home */ = {
			isa = PBXGroup;
			children = (
				B36C8FF62BFA80F700EFBED5 /* Alarm */,
				B36C8FEC2BFA806500EFBED5 /* Comment */,
				B36C8FEB2BFA805F00EFBED5 /* Post */,
				B30EA0462BF74A32003ED5F6 /* HomeView.swift */,
			);
			path = Home;
			sourceTree = "<group>";
		};
		B30EA0412BF74934003ED5F6 /* Auth */ = {
			isa = PBXGroup;
			children = (
				B30EA04A2BF74A51003ED5F6 /* LoginView.swift */,
			);
			path = Auth;
			sourceTree = "<group>";
		};
		B30EA0422BF74939003ED5F6 /* CustomView */ = {
			isa = PBXGroup;
			children = (
				B3423BA92C0E4C7400BE5A79 /* WebConnector.swift */,
				B3FE187E2C17BDC200D4DD67 /* CustomNavBarContainerView.swift */,
				B3FE18802C17BDEA00D4DD67 /* CustomNavBarView.swift */,
				B3FE18822C17BE1100D4DD67 /* CustomNavLink.swift */,
			);
			path = CustomView;
			sourceTree = "<group>";
		};
		B30EA0432BF7494F003ED5F6 /* Calendar */ = {
			isa = PBXGroup;
			children = (
				B30EA0482BF74A44003ED5F6 /* CalendarView.swift */,
			);
			path = Calendar;
			sourceTree = "<group>";
		};
		B30EA04C2BF74A6B003ED5F6 /* Repository */ = {
			isa = PBXGroup;
			children = (
			);
			path = Repository;
			sourceTree = "<group>";
		};
		B30EA04D2BF74A74003ED5F6 /* UserDefaults */ = {
			isa = PBXGroup;
			children = (
			);
			path = UserDefaults;
			sourceTree = "<group>";
		};
		B30EA04E2BF74A83003ED5F6 /* Interface */ = {
			isa = PBXGroup;
			children = (
			);
			path = Interface;
			sourceTree = "<group>";
		};
		B30EA04F2BF74A8B003ED5F6 /* UseCase */ = {
			isa = PBXGroup;
			children = (
			);
			path = UseCase;
			sourceTree = "<group>";
		};
		B30EA0502BF74A91003ED5F6 /* Entity */ = {
			isa = PBXGroup;
			children = (
			);
			path = Entity;
			sourceTree = "<group>";
		};
		B32C8DCD2BF74421004D4F5B = {
			isa = PBXGroup;
			children = (
				B32C8DD82BF74421004D4F5B /* Familiar */,
				B32C8DD72BF74421004D4F5B /* Products */,
				4E0F3637CAA7BE2D77D964E5 /* Pods */,
				BE0B46A891B8AA0228F741A6 /* Frameworks */,
			);
			sourceTree = "<group>";
		};
		B32C8DD72BF74421004D4F5B /* Products */ = {
			isa = PBXGroup;
			children = (
				B32C8DD62BF74421004D4F5B /* Familiar.app */,
			);
			name = Products;
			sourceTree = "<group>";
		};
		B32C8DD82BF74421004D4F5B /* Familiar */ = {
			isa = PBXGroup;
			children = (
				B30EA0512BF74BCE003ED5F6 /* Info.plist */,
				B30EA02E2BF747B1003ED5F6 /* Application */,
				B30EA0342BF747EF003ED5F6 /* Resource */,
				B30EA0332BF747E9003ED5F6 /* Util */,
				B30EA0322BF747D9003ED5F6 /* Presentation */,
				B30EA0312BF747D4003ED5F6 /* Data */,
				B30EA0302BF747CE003ED5F6 /* Domain */,
				B30EA02F2BF747C4003ED5F6 /* Network */,
				B36C8FFB2BFA816B00EFBED5 /* ViewModel */,
			);
			path = Familiar;
			sourceTree = "<group>";
		};
		B3423BA42C0E3B4600BE5A79 /* MyPage */ = {
			isa = PBXGroup;
			children = (
				B3423BA52C0E3B6A00BE5A79 /* MyPageElement.swift */,
				B3423BA72C0E404800BE5A79 /* MyPageMngElement.swift */,
				B3FE18772C17B57700D4DD67 /* AcceptUserElement.swift */,
				B3FE18792C17B96000D4DD67 /* MngUserElement.swift */,
			);
			path = MyPage;
			sourceTree = "<group>";
		};
		B36C8FE12BFA76F800EFBED5 /* Pretendard */ = {
			isa = PBXGroup;
			children = (
				B36C8FD82BFA76F800EFBED5 /* Pretendard-Black.ttf */,
				B36C8FD92BFA76F800EFBED5 /* Pretendard-Bold.ttf */,
				B36C8FDA2BFA76F800EFBED5 /* Pretendard-ExtraBold.ttf */,
				B36C8FDB2BFA76F800EFBED5 /* Pretendard-ExtraLight.ttf */,
				B36C8FDC2BFA76F800EFBED5 /* Pretendard-Light.ttf */,
				B36C8FDD2BFA76F800EFBED5 /* Pretendard-Medium.ttf */,
				B36C8FDE2BFA76F800EFBED5 /* Pretendard-Regular.ttf */,
				B36C8FDF2BFA76F800EFBED5 /* Pretendard-SemiBold.ttf */,
				B36C8FE02BFA76F800EFBED5 /* Pretendard-Thin.ttf */,
			);
			path = Pretendard;
			sourceTree = "<group>";
		};
		B36C8FEB2BFA805F00EFBED5 /* Post */ = {
			isa = PBXGroup;
			children = (
				B36C8FED2BFA807A00EFBED5 /* PostListView.swift */,
				B36C8FF32BFA80C700EFBED5 /* WritePostView.swift */,
			);
			path = Post;
			sourceTree = "<group>";
		};
		B36C8FEC2BFA806500EFBED5 /* Comment */ = {
			isa = PBXGroup;
			children = (
				B36C8FEF2BFA809200EFBED5 /* CommentSheetView.swift */,
				B36C8FF12BFA80A900EFBED5 /* CommentListView.swift */,
			);
			path = Comment;
			sourceTree = "<group>";
		};
		B36C8FF62BFA80F700EFBED5 /* Alarm */ = {
			isa = PBXGroup;
			children = (
				B36C8FF72BFA812F00EFBED5 /* AlarmView.swift */,
				B36C8FF92BFA813D00EFBED5 /* AlarmListView.swift */,
			);
			path = Alarm;
			sourceTree = "<group>";
		};
		B36C8FFB2BFA816B00EFBED5 /* ViewModel */ = {
			isa = PBXGroup;
			children = (
				B36C8FFC2BFA818400EFBED5 /* AlarmVM.swift */,
			);
			path = ViewModel;
			sourceTree = "<group>";
		};
		B36C90022BFA820400EFBED5 /* Photos */ = {
			isa = PBXGroup;
			children = (
				B36C8FFE2BFA81C700EFBED5 /* PhotoImageRow.swift */,
				B36C90002BFA81DB00EFBED5 /* AddImageView.swift */,
				B36C90032BFA821F00EFBED5 /* PhotoPicker.swift */,
				B36C90052BFA822E00EFBED5 /* PhotoPickerCoordinator.swift */,
				B36C90072BFA824400EFBED5 /* PhotoPickerModifier.swift */,
				D71888282C197720005B4413 /* CameraView.swift */,
				D718882A2C19774A005B4413 /* CameraCoordinator.swift */,
			);
			path = Photos;
			sourceTree = "<group>";
		};
		B36C90092BFA82DD00EFBED5 /* Tag */ = {
			isa = PBXGroup;
			children = (
				B36C900A2BFA82EA00EFBED5 /* TagSheetView.swift */,
				B36C900C2BFA82FE00EFBED5 /* TagProfileView.swift */,
			);
			path = Tag;
			sourceTree = "<group>";
		};
		B3FE185B2C171DC500D4DD67 /* RoomCodeCheck */ = {
			isa = PBXGroup;
			children = (
				B3FE185C2C171DE700D4DD67 /* RoomCodeView.swift */,
			);
			path = RoomCodeCheck;
			sourceTree = "<group>";
		};
		B3FE185E2C175AAB00D4DD67 /* MyInfoMng */ = {
			isa = PBXGroup;
			children = (
				B3FE185F2C175AE200D4DD67 /* MyInfoMngView.swift */,
				B3FE18612C1764A500D4DD67 /* EditAliasView.swift */,
				B3FE18632C1764B200D4DD67 /* EditNicknameView.swift */,
				B3FE18652C1764C400D4DD67 /* EditBirthView.swift */,
			);
			path = MyInfoMng;
			sourceTree = "<group>";
		};
		B3FE18672C17711400D4DD67 /* Common */ = {
			isa = PBXGroup;
			children = (
				B3FE18682C17712300D4DD67 /* StdBirthField.swift */,
				B3FE186A2C177F2B00D4DD67 /* StdTextField.swift */,
				B3FE18722C179D8000D4DD67 /* StdMyComment.swift */,
				D71888262C197012005B4413 /* AlertView.swift */,
			);
			path = Common;
			sourceTree = "<group>";
		};
		B3FE186D2C178D1100D4DD67 /* MyContentMng */ = {
			isa = PBXGroup;
			children = (
				B3FE186E2C178D4300D4DD67 /* MyContentMngView.swift */,
				B3FE18702C17951F00D4DD67 /* NonContentView.swift */,
			);
			path = MyContentMng;
			sourceTree = "<group>";
		};
		B3FE18742C17AE5500D4DD67 /* RoomMng */ = {
			isa = PBXGroup;
			children = (
				B3FE18752C17AE6300D4DD67 /* RoomMngView.swift */,
			);
			path = RoomMng;
			sourceTree = "<group>";
		};
		BE0B46A891B8AA0228F741A6 /* Frameworks */ = {
			isa = PBXGroup;
			children = (
				DE6927193E13E2BB8D569875 /* Pods_Familiar.framework */,
			);
			name = Frameworks;
			sourceTree = "<group>";
		};
/* End PBXGroup section */

/* Begin PBXNativeTarget section */
		B32C8DD52BF74421004D4F5B /* Familiar */ = {
			isa = PBXNativeTarget;
			buildConfigurationList = B32C8DE42BF74422004D4F5B /* Build configuration list for PBXNativeTarget "Familiar" */;
			buildPhases = (
				45177207FB7C1F64D4782275 /* [CP] Check Pods Manifest.lock */,
				B32C8DD22BF74421004D4F5B /* Sources */,
				B32C8DD32BF74421004D4F5B /* Frameworks */,
				B32C8DD42BF74421004D4F5B /* Resources */,
				C3A8DD0621AEFC1E6C856045 /* [CP] Embed Pods Frameworks */,
			);
			buildRules = (
			);
			dependencies = (
			);
			name = Familiar;
			productName = Familiar;
			productReference = B32C8DD62BF74421004D4F5B /* Familiar.app */;
			productType = "com.apple.product-type.application";
		};
/* End PBXNativeTarget section */

/* Begin PBXProject section */
		B32C8DCE2BF74421004D4F5B /* Project object */ = {
			isa = PBXProject;
			attributes = {
				BuildIndependentTargetsInParallel = 1;
				LastSwiftUpdateCheck = 1530;
				LastUpgradeCheck = 1530;
				TargetAttributes = {
					B32C8DD52BF74421004D4F5B = {
						CreatedOnToolsVersion = 15.3;
					};
				};
			};
			buildConfigurationList = B32C8DD12BF74421004D4F5B /* Build configuration list for PBXProject "Familiar" */;
			compatibilityVersion = "Xcode 14.0";
			developmentRegion = en;
			hasScannedForEncodings = 0;
			knownRegions = (
				en,
				Base,
			);
			mainGroup = B32C8DCD2BF74421004D4F5B;
			productRefGroup = B32C8DD72BF74421004D4F5B /* Products */;
			projectDirPath = "";
			projectRoot = "";
			targets = (
				B32C8DD52BF74421004D4F5B /* Familiar */,
			);
		};
/* End PBXProject section */

/* Begin PBXResourcesBuildPhase section */
		B32C8DD42BF74421004D4F5B /* Resources */ = {
			isa = PBXResourcesBuildPhase;
			buildActionMask = 2147483647;
			files = (
				B36C8FE72BFA76F800EFBED5 /* Pretendard-Medium.ttf in Resources */,
				B32C8DDE2BF74422004D4F5B /* Assets.xcassets in Resources */,
				B36C8FE92BFA76F800EFBED5 /* Pretendard-SemiBold.ttf in Resources */,
				B36C8FD62BFA724D00EFBED5 /* Colors.xcassets in Resources */,
				B36C8FE42BFA76F800EFBED5 /* Pretendard-ExtraBold.ttf in Resources */,
				B36C8FE52BFA76F800EFBED5 /* Pretendard-ExtraLight.ttf in Resources */,
				B36C8FE82BFA76F800EFBED5 /* Pretendard-Regular.ttf in Resources */,
				B36C8FE32BFA76F800EFBED5 /* Pretendard-Bold.ttf in Resources */,
				B36C8FEA2BFA76F800EFBED5 /* Pretendard-Thin.ttf in Resources */,
				B36C8FE22BFA76F800EFBED5 /* Pretendard-Black.ttf in Resources */,
				B36C8FE62BFA76F800EFBED5 /* Pretendard-Light.ttf in Resources */,
			);
			runOnlyForDeploymentPostprocessing = 0;
		};
/* End PBXResourcesBuildPhase section */

/* Begin PBXShellScriptBuildPhase section */
		45177207FB7C1F64D4782275 /* [CP] Check Pods Manifest.lock */ = {
			isa = PBXShellScriptBuildPhase;
			buildActionMask = 2147483647;
			files = (
			);
			inputFileListPaths = (
			);
			inputPaths = (
				"${PODS_PODFILE_DIR_PATH}/Podfile.lock",
				"${PODS_ROOT}/Manifest.lock",
			);
			name = "[CP] Check Pods Manifest.lock";
			outputFileListPaths = (
			);
			outputPaths = (
				"$(DERIVED_FILE_DIR)/Pods-Familiar-checkManifestLockResult.txt",
			);
			runOnlyForDeploymentPostprocessing = 0;
			shellPath = /bin/sh;
			shellScript = "diff \"${PODS_PODFILE_DIR_PATH}/Podfile.lock\" \"${PODS_ROOT}/Manifest.lock\" > /dev/null\nif [ $? != 0 ] ; then\n    # print error to STDERR\n    echo \"error: The sandbox is not in sync with the Podfile.lock. Run 'pod install' or update your CocoaPods installation.\" >&2\n    exit 1\nfi\n# This output is used by Xcode 'outputs' to avoid re-running this script phase.\necho \"SUCCESS\" > \"${SCRIPT_OUTPUT_FILE_0}\"\n";
			showEnvVarsInLog = 0;
		};
		C3A8DD0621AEFC1E6C856045 /* [CP] Embed Pods Frameworks */ = {
			isa = PBXShellScriptBuildPhase;
			buildActionMask = 2147483647;
			files = (
			);
			inputFileListPaths = (
				"${PODS_ROOT}/Target Support Files/Pods-Familiar/Pods-Familiar-frameworks-${CONFIGURATION}-input-files.xcfilelist",
			);
			name = "[CP] Embed Pods Frameworks";
			outputFileListPaths = (
				"${PODS_ROOT}/Target Support Files/Pods-Familiar/Pods-Familiar-frameworks-${CONFIGURATION}-output-files.xcfilelist",
			);
			runOnlyForDeploymentPostprocessing = 0;
			shellPath = /bin/sh;
			shellScript = "\"${PODS_ROOT}/Target Support Files/Pods-Familiar/Pods-Familiar-frameworks.sh\"\n";
			showEnvVarsInLog = 0;
		};
/* End PBXShellScriptBuildPhase section */

/* Begin PBXSourcesBuildPhase section */
		B32C8DD22BF74421004D4F5B /* Sources */ = {
			isa = PBXSourcesBuildPhase;
			buildActionMask = 2147483647;
			files = (
				B32C8DDC2BF74421004D4F5B /* ContentView.swift in Sources */,
				B3FE186B2C177F2B00D4DD67 /* StdTextField.swift in Sources */,
				B3FE18782C17B57700D4DD67 /* AcceptUserElement.swift in Sources */,
				B30EA0492BF74A44003ED5F6 /* CalendarView.swift in Sources */,
				B3423BA62C0E3B6A00BE5A79 /* MyPageElement.swift in Sources */,
				B3FE18712C17951F00D4DD67 /* NonContentView.swift in Sources */,
				B3FE18692C17712300D4DD67 /* StdBirthField.swift in Sources */,
				B3FE18762C17AE6300D4DD67 /* RoomMngView.swift in Sources */,
				B36C90042BFA821F00EFBED5 /* PhotoPicker.swift in Sources */,
				B3FE18812C17BDEA00D4DD67 /* CustomNavBarView.swift in Sources */,
				B3FE18832C17BE1100D4DD67 /* CustomNavLink.swift in Sources */,
				B36C8FF22BFA80A900EFBED5 /* CommentListView.swift in Sources */,
				B3FE18642C1764B200D4DD67 /* EditNicknameView.swift in Sources */,
				D71888252C196F80005B4413 /* View+.swift in Sources */,
				B3FE18622C1764A500D4DD67 /* EditAliasView.swift in Sources */,
				B36C8FFF2BFA81C700EFBED5 /* PhotoImageRow.swift in Sources */,
				B3FE186F2C178D4300D4DD67 /* MyContentMngView.swift in Sources */,
				B3423BAA2C0E4C7400BE5A79 /* WebConnector.swift in Sources */,
				B32C8DDA2BF74421004D4F5B /* FamiliarApp.swift in Sources */,
				B3FE18662C1764C400D4DD67 /* EditBirthView.swift in Sources */,
				B30EA0452BF7497E003ED5F6 /* MyPageView.swift in Sources */,
				B3423BA82C0E404800BE5A79 /* MyPageMngElement.swift in Sources */,
				B3FE187C2C17BC7D00D4DD67 /* LeaveStatus.swift in Sources */,
				D71888292C197720005B4413 /* CameraView.swift in Sources */,
				B3FE18732C179D8000D4DD67 /* StdMyComment.swift in Sources */,
				D71888232C196D7F005B4413 /* NSNotification.Name+.swift in Sources */,
				B3FE187F2C17BDC200D4DD67 /* CustomNavBarContainerView.swift in Sources */,
				B30EA0472BF74A32003ED5F6 /* HomeView.swift in Sources */,
				B36C8FF82BFA812F00EFBED5 /* AlarmView.swift in Sources */,
				B36C900B2BFA82EA00EFBED5 /* TagSheetView.swift in Sources */,
				D7D876272C073F55002359A0 /* SplashView.swift in Sources */,
				D718882B2C19774A005B4413 /* CameraCoordinator.swift in Sources */,
				B30EA03C2BF7488B003ED5F6 /* Constants.swift in Sources */,
				B3FE187A2C17B96000D4DD67 /* MngUserElement.swift in Sources */,
				B30EA04B2BF74A51003ED5F6 /* LoginView.swift in Sources */,
				B36C90082BFA824400EFBED5 /* PhotoPickerModifier.swift in Sources */,
				B36C900D2BFA82FE00EFBED5 /* TagProfileView.swift in Sources */,
				B36C8FEE2BFA807A00EFBED5 /* PostListView.swift in Sources */,
				B36C8FF02BFA809200EFBED5 /* CommentSheetView.swift in Sources */,
				B3FE185D2C171DE700D4DD67 /* RoomCodeView.swift in Sources */,
				B36C8FF42BFA80C700EFBED5 /* WritePostView.swift in Sources */,
				B36C90012BFA81DB00EFBED5 /* AddImageView.swift in Sources */,
				B3FE18602C175AE200D4DD67 /* MyInfoMngView.swift in Sources */,
				D71888272C197012005B4413 /* AlertView.swift in Sources */,
				B36C90062BFA822E00EFBED5 /* PhotoPickerCoordinator.swift in Sources */,
				B36C8FFA2BFA813D00EFBED5 /* AlarmListView.swift in Sources */,
				B36C8FFD2BFA818400EFBED5 /* AlarmVM.swift in Sources */,
				B30EA03E2BF748AA003ED5F6 /* Extension.swift in Sources */,
			);
			runOnlyForDeploymentPostprocessing = 0;
		};
/* End PBXSourcesBuildPhase section */

/* Begin XCBuildConfiguration section */
		B32C8DE22BF74422004D4F5B /* Debug */ = {
			isa = XCBuildConfiguration;
			buildSettings = {
				ALWAYS_SEARCH_USER_PATHS = NO;
				ASSETCATALOG_COMPILER_GENERATE_SWIFT_ASSET_SYMBOL_EXTENSIONS = YES;
				CLANG_ANALYZER_NONNULL = YES;
				CLANG_ANALYZER_NUMBER_OBJECT_CONVERSION = YES_AGGRESSIVE;
				CLANG_CXX_LANGUAGE_STANDARD = "gnu++20";
				CLANG_ENABLE_MODULES = YES;
				CLANG_ENABLE_OBJC_ARC = YES;
				CLANG_ENABLE_OBJC_WEAK = YES;
				CLANG_WARN_BLOCK_CAPTURE_AUTORELEASING = YES;
				CLANG_WARN_BOOL_CONVERSION = YES;
				CLANG_WARN_COMMA = YES;
				CLANG_WARN_CONSTANT_CONVERSION = YES;
				CLANG_WARN_DEPRECATED_OBJC_IMPLEMENTATIONS = YES;
				CLANG_WARN_DIRECT_OBJC_ISA_USAGE = YES_ERROR;
				CLANG_WARN_DOCUMENTATION_COMMENTS = YES;
				CLANG_WARN_EMPTY_BODY = YES;
				CLANG_WARN_ENUM_CONVERSION = YES;
				CLANG_WARN_INFINITE_RECURSION = YES;
				CLANG_WARN_INT_CONVERSION = YES;
				CLANG_WARN_NON_LITERAL_NULL_CONVERSION = YES;
				CLANG_WARN_OBJC_IMPLICIT_RETAIN_SELF = YES;
				CLANG_WARN_OBJC_LITERAL_CONVERSION = YES;
				CLANG_WARN_OBJC_ROOT_CLASS = YES_ERROR;
				CLANG_WARN_QUOTED_INCLUDE_IN_FRAMEWORK_HEADER = YES;
				CLANG_WARN_RANGE_LOOP_ANALYSIS = YES;
				CLANG_WARN_STRICT_PROTOTYPES = YES;
				CLANG_WARN_SUSPICIOUS_MOVE = YES;
				CLANG_WARN_UNGUARDED_AVAILABILITY = YES_AGGRESSIVE;
				CLANG_WARN_UNREACHABLE_CODE = YES;
				CLANG_WARN__DUPLICATE_METHOD_MATCH = YES;
				COPY_PHASE_STRIP = NO;
				DEBUG_INFORMATION_FORMAT = dwarf;
				ENABLE_STRICT_OBJC_MSGSEND = YES;
				ENABLE_TESTABILITY = YES;
				ENABLE_USER_SCRIPT_SANDBOXING = NO;
				GCC_C_LANGUAGE_STANDARD = gnu17;
				GCC_DYNAMIC_NO_PIC = NO;
				GCC_NO_COMMON_BLOCKS = YES;
				GCC_OPTIMIZATION_LEVEL = 0;
				GCC_PREPROCESSOR_DEFINITIONS = (
					"DEBUG=1",
					"$(inherited)",
				);
				GCC_WARN_64_TO_32_BIT_CONVERSION = YES;
				GCC_WARN_ABOUT_RETURN_TYPE = YES_ERROR;
				GCC_WARN_UNDECLARED_SELECTOR = YES;
				GCC_WARN_UNINITIALIZED_AUTOS = YES_AGGRESSIVE;
				GCC_WARN_UNUSED_FUNCTION = YES;
				GCC_WARN_UNUSED_VARIABLE = YES;
				IPHONEOS_DEPLOYMENT_TARGET = 16.4;
				LOCALIZATION_PREFERS_STRING_CATALOGS = YES;
				MTL_ENABLE_DEBUG_INFO = INCLUDE_SOURCE;
				MTL_FAST_MATH = YES;
				ONLY_ACTIVE_ARCH = YES;
				SDKROOT = iphoneos;
				SWIFT_ACTIVE_COMPILATION_CONDITIONS = "DEBUG $(inherited)";
				SWIFT_OPTIMIZATION_LEVEL = "-Onone";
			};
			name = Debug;
		};
		B32C8DE32BF74422004D4F5B /* Release */ = {
			isa = XCBuildConfiguration;
			buildSettings = {
				ALWAYS_SEARCH_USER_PATHS = NO;
				ASSETCATALOG_COMPILER_GENERATE_SWIFT_ASSET_SYMBOL_EXTENSIONS = YES;
				CLANG_ANALYZER_NONNULL = YES;
				CLANG_ANALYZER_NUMBER_OBJECT_CONVERSION = YES_AGGRESSIVE;
				CLANG_CXX_LANGUAGE_STANDARD = "gnu++20";
				CLANG_ENABLE_MODULES = YES;
				CLANG_ENABLE_OBJC_ARC = YES;
				CLANG_ENABLE_OBJC_WEAK = YES;
				CLANG_WARN_BLOCK_CAPTURE_AUTORELEASING = YES;
				CLANG_WARN_BOOL_CONVERSION = YES;
				CLANG_WARN_COMMA = YES;
				CLANG_WARN_CONSTANT_CONVERSION = YES;
				CLANG_WARN_DEPRECATED_OBJC_IMPLEMENTATIONS = YES;
				CLANG_WARN_DIRECT_OBJC_ISA_USAGE = YES_ERROR;
				CLANG_WARN_DOCUMENTATION_COMMENTS = YES;
				CLANG_WARN_EMPTY_BODY = YES;
				CLANG_WARN_ENUM_CONVERSION = YES;
				CLANG_WARN_INFINITE_RECURSION = YES;
				CLANG_WARN_INT_CONVERSION = YES;
				CLANG_WARN_NON_LITERAL_NULL_CONVERSION = YES;
				CLANG_WARN_OBJC_IMPLICIT_RETAIN_SELF = YES;
				CLANG_WARN_OBJC_LITERAL_CONVERSION = YES;
				CLANG_WARN_OBJC_ROOT_CLASS = YES_ERROR;
				CLANG_WARN_QUOTED_INCLUDE_IN_FRAMEWORK_HEADER = YES;
				CLANG_WARN_RANGE_LOOP_ANALYSIS = YES;
				CLANG_WARN_STRICT_PROTOTYPES = YES;
				CLANG_WARN_SUSPICIOUS_MOVE = YES;
				CLANG_WARN_UNGUARDED_AVAILABILITY = YES_AGGRESSIVE;
				CLANG_WARN_UNREACHABLE_CODE = YES;
				CLANG_WARN__DUPLICATE_METHOD_MATCH = YES;
				COPY_PHASE_STRIP = NO;
				DEBUG_INFORMATION_FORMAT = "dwarf-with-dsym";
				ENABLE_NS_ASSERTIONS = NO;
				ENABLE_STRICT_OBJC_MSGSEND = YES;
				ENABLE_USER_SCRIPT_SANDBOXING = NO;
				GCC_C_LANGUAGE_STANDARD = gnu17;
				GCC_NO_COMMON_BLOCKS = YES;
				GCC_WARN_64_TO_32_BIT_CONVERSION = YES;
				GCC_WARN_ABOUT_RETURN_TYPE = YES_ERROR;
				GCC_WARN_UNDECLARED_SELECTOR = YES;
				GCC_WARN_UNINITIALIZED_AUTOS = YES_AGGRESSIVE;
				GCC_WARN_UNUSED_FUNCTION = YES;
				GCC_WARN_UNUSED_VARIABLE = YES;
				IPHONEOS_DEPLOYMENT_TARGET = 16.4;
				LOCALIZATION_PREFERS_STRING_CATALOGS = YES;
				MTL_ENABLE_DEBUG_INFO = NO;
				MTL_FAST_MATH = YES;
				SDKROOT = iphoneos;
				SWIFT_COMPILATION_MODE = wholemodule;
				VALIDATE_PRODUCT = YES;
			};
			name = Release;
		};
		B32C8DE52BF74422004D4F5B /* Debug */ = {
			isa = XCBuildConfiguration;
			baseConfigurationReference = 97682C0FE09179CFB4B5D096 /* Pods-Familiar.debug.xcconfig */;
			buildSettings = {
				ASSETCATALOG_COMPILER_APPICON_NAME = AppIcon;
				ASSETCATALOG_COMPILER_GLOBAL_ACCENT_COLOR_NAME = AccentColor;
				CODE_SIGN_STYLE = Automatic;
				CURRENT_PROJECT_VERSION = 1;
				DEVELOPMENT_ASSET_PATHS = Familiar/Resource/Assets;
				DEVELOPMENT_TEAM = BB7N2YGU75;
				ENABLE_PREVIEWS = YES;
				GENERATE_INFOPLIST_FILE = YES;
				INFOPLIST_FILE = Familiar/Info.plist;
				INFOPLIST_KEY_UIApplicationSceneManifest_Generation = YES;
				INFOPLIST_KEY_UIApplicationSupportsIndirectInputEvents = YES;
				INFOPLIST_KEY_UILaunchScreen_Generation = YES;
				INFOPLIST_KEY_UISupportedInterfaceOrientations_iPad = "UIInterfaceOrientationPortrait UIInterfaceOrientationPortraitUpsideDown UIInterfaceOrientationLandscapeLeft UIInterfaceOrientationLandscapeRight";
				INFOPLIST_KEY_UISupportedInterfaceOrientations_iPhone = "UIInterfaceOrientationPortrait UIInterfaceOrientationLandscapeLeft UIInterfaceOrientationLandscapeRight";
				IPHONEOS_DEPLOYMENT_TARGET = 16.4;
				LD_RUNPATH_SEARCH_PATHS = (
					"$(inherited)",
					"@executable_path/Frameworks",
				);
				MARKETING_VERSION = 1.0;
				PRODUCT_BUNDLE_IDENTIFIER = com.ryuwon.Familiar;
				PRODUCT_NAME = "$(TARGET_NAME)";
				SUPPORTED_PLATFORMS = "iphoneos iphonesimulator";
				SUPPORTS_MACCATALYST = NO;
				SUPPORTS_MAC_DESIGNED_FOR_IPHONE_IPAD = NO;
				SUPPORTS_XR_DESIGNED_FOR_IPHONE_IPAD = NO;
				SWIFT_EMIT_LOC_STRINGS = YES;
				SWIFT_VERSION = 5.0;
				TARGETED_DEVICE_FAMILY = 1;
			};
			name = Debug;
		};
		B32C8DE62BF74422004D4F5B /* Release */ = {
			isa = XCBuildConfiguration;
			baseConfigurationReference = 9D12AF1C712A8CAFA7D68408 /* Pods-Familiar.release.xcconfig */;
			buildSettings = {
				ASSETCATALOG_COMPILER_APPICON_NAME = AppIcon;
				ASSETCATALOG_COMPILER_GLOBAL_ACCENT_COLOR_NAME = AccentColor;
				CODE_SIGN_STYLE = Automatic;
				CURRENT_PROJECT_VERSION = 1;
				DEVELOPMENT_ASSET_PATHS = Familiar/Resource/Assets;
				DEVELOPMENT_TEAM = BB7N2YGU75;
				ENABLE_PREVIEWS = YES;
				GENERATE_INFOPLIST_FILE = YES;
				INFOPLIST_FILE = Familiar/Info.plist;
				INFOPLIST_KEY_UIApplicationSceneManifest_Generation = YES;
				INFOPLIST_KEY_UIApplicationSupportsIndirectInputEvents = YES;
				INFOPLIST_KEY_UILaunchScreen_Generation = YES;
				INFOPLIST_KEY_UISupportedInterfaceOrientations_iPad = "UIInterfaceOrientationPortrait UIInterfaceOrientationPortraitUpsideDown UIInterfaceOrientationLandscapeLeft UIInterfaceOrientationLandscapeRight";
				INFOPLIST_KEY_UISupportedInterfaceOrientations_iPhone = "UIInterfaceOrientationPortrait UIInterfaceOrientationLandscapeLeft UIInterfaceOrientationLandscapeRight";
				IPHONEOS_DEPLOYMENT_TARGET = 16.4;
				LD_RUNPATH_SEARCH_PATHS = (
					"$(inherited)",
					"@executable_path/Frameworks",
				);
				MARKETING_VERSION = 1.0;
				PRODUCT_BUNDLE_IDENTIFIER = com.ryuwon.Familiar;
				PRODUCT_NAME = "$(TARGET_NAME)";
				SUPPORTED_PLATFORMS = "iphoneos iphonesimulator";
				SUPPORTS_MACCATALYST = NO;
				SUPPORTS_MAC_DESIGNED_FOR_IPHONE_IPAD = NO;
				SUPPORTS_XR_DESIGNED_FOR_IPHONE_IPAD = NO;
				SWIFT_EMIT_LOC_STRINGS = YES;
				SWIFT_VERSION = 5.0;
				TARGETED_DEVICE_FAMILY = 1;
			};
			name = Release;
		};
/* End XCBuildConfiguration section */

/* Begin XCConfigurationList section */
		B32C8DD12BF74421004D4F5B /* Build configuration list for PBXProject "Familiar" */ = {
			isa = XCConfigurationList;
			buildConfigurations = (
				B32C8DE22BF74422004D4F5B /* Debug */,
				B32C8DE32BF74422004D4F5B /* Release */,
			);
			defaultConfigurationIsVisible = 0;
			defaultConfigurationName = Release;
		};
		B32C8DE42BF74422004D4F5B /* Build configuration list for PBXNativeTarget "Familiar" */ = {
			isa = XCConfigurationList;
			buildConfigurations = (
				B32C8DE52BF74422004D4F5B /* Debug */,
				B32C8DE62BF74422004D4F5B /* Release */,
			);
			defaultConfigurationIsVisible = 0;
			defaultConfigurationName = Release;
		};
/* End XCConfigurationList section */
	};
	rootObject = B32C8DCE2BF74421004D4F5B /* Project object */;
}
